
Microsoft Visual Studio Solution File, Format Version 12.00
# Visual Studio Version 17
VisualStudioVersion = 17.10.34928.147
MinimumVisualStudioVersion = 10.0.40219.1
Project("{2150E333-8FDC-42A3-9474-1A3956D46DE8}") = "src", "src", "{DDAF511D-8869-4A63-8964-FDCE320A6FD7}"
EndProject
Project("{9A19103F-16F7-4668-BE54-9A1E7A4F7556}") = "GMS.WebUI", "src\GMS.WebUI\GMS.WebUI.csproj", "{5FF9B099-A411-4FBF-8F63-041C0AA7C777}"
EndProject
Project("{9A19103F-16F7-4668-BE54-9A1E7A4F7556}") = "GMS.Services", "src\GMS.Services\GMS.Services.csproj", "{4BFFF671-067D-4F32-A040-C29A0D7B56DD}"
EndProject
Project("{9A19103F-16F7-4668-BE54-9A1E7A4F7556}") = "GMS.Core", "src\GMS.Core\GMS.Core.csproj", "{0DD53602-DCDE-4EF3-88CB-5A95D2AA5A48}"
EndProject
Project("{9A19103F-16F7-4668-BE54-9A1E7A4F7556}") = "GMS.Infrastructure", "src\GMS.Infrastruture\GMS.Infrastructure.csproj", "{505B76AC-B031-41B7-81BA-BB67117BE045}"
EndProject
Project("{2150E333-8FDC-42A3-9474-1A3956D46DE8}") = "GMS.Endpoints", "GMS.Endpoints", "{481FB6D4-C9B6-4CB8-A521-8C51C69601E8}"
EndProject
Project("{9A19103F-16F7-4668-BE54-9A1E7A4F7556}") = "Accounts", "src\GMS.Endpoints\Accounts\Accounts.csproj", "{E22019B2-B086-4C14-BFD6-D36EDE5EADBF}"
EndProject
Project("{9A19103F-16F7-4668-BE54-9A1E7A4F7556}") = "Guests", "src\GMS.Endpoints\Guests\Guests.csproj", "{8481CE31-CB48-4262-B331-6119A5785A2B}"
EndProject
Project("{9A19103F-16F7-4668-BE54-9A1E7A4F7556}") = "Masters", "src\GMS.Endpoints\Masters\Masters.csproj", "{9726AEE1-4878-4E2E-BB21-D59F60E4D58E}"
EndProject
Project("{FAE04EC0-301F-11D3-BF4B-00C04F79EFBC}") = "Rooms", "src\GMS.Endpoints\Rooms\Rooms.csproj", "{F37E22DA-6DBE-40E5-9117-02BB3235F5EF}"
EndProject
Project("{FAE04EC0-301F-11D3-BF4B-00C04F79EFBC}") = "Accounting", "src\GMS.Endpoints\Accounting\Accounting.csproj", "{8F77080E-18F1-40F9-B2BC-53F741497119}"
EndProject
Project("{FAE04EC0-301F-11D3-BF4B-00C04F79EFBC}") = "Reports", "src\GMS.Endpoints\Reports\Reports.csproj", "{7CE6F27E-E33B-44C0-82C6-1D287017AAA0}"
EndProject
Project("{2150E333-8FDC-42A3-9474-1A3956D46DE8}") = "tests", "tests", "{9A40B108-0E19-470C-820F-F161B53B602D}"
EndProject
Project("{9A19103F-16F7-4668-BE54-9A1E7A4F7556}") = "GMS.Endpoints.Tests", "tests\GMS.Endpoints.Tests\GMS.Endpoints.Tests.csproj", "{35620C6F-ED38-4320-A5C9-89D2A2A03E51}"
EndProject
Global
	GlobalSection(SolutionConfigurationPlatforms) = preSolution
		Debug|Any CPU = Debug|Any CPU
		Release|Any CPU = Release|Any CPU
	EndGlobalSection
	GlobalSection(ProjectConfigurationPlatforms) = postSolution
		{5FF9B099-A411-4FBF-8F63-041C0AA7C777}.Debug|Any CPU.ActiveCfg = Debug|Any CPU
		{5FF9B099-A411-4FBF-8F63-041C0AA7C777}.Debug|Any CPU.Build.0 = Debug|Any CPU
		{5FF9B099-A411-4FBF-8F63-041C0AA7C777}.Release|Any CPU.ActiveCfg = Release|Any CPU
		{5FF9B099-A411-4FBF-8F63-041C0AA7C777}.Release|Any CPU.Build.0 = Release|Any CPU
		{4BFFF671-067D-4F32-A040-C29A0D7B56DD}.Debug|Any CPU.ActiveCfg = Debug|Any CPU
		{4BFFF671-067D-4F32-A040-C29A0D7B56DD}.Debug|Any CPU.Build.0 = Debug|Any CPU
		{4BFFF671-067D-4F32-A040-C29A0D7B56DD}.Release|Any CPU.ActiveCfg = Release|Any CPU
		{4BFFF671-067D-4F32-A040-C29A0D7B56DD}.Release|Any CPU.Build.0 = Release|Any CPU
		{0DD53602-DCDE-4EF3-88CB-5A95D2AA5A48}.Debug|Any CPU.ActiveCfg = Debug|Any CPU
		{0DD53602-DCDE-4EF3-88CB-5A95D2AA5A48}.Debug|Any CPU.Build.0 = Debug|Any CPU
		{0DD53602-DCDE-4EF3-88CB-5A95D2AA5A48}.Release|Any CPU.ActiveCfg = Release|Any CPU
		{0DD53602-DCDE-4EF3-88CB-5A95D2AA5A48}.Release|Any CPU.Build.0 = Release|Any CPU
		{505B76AC-B031-41B7-81BA-BB67117BE045}.Debug|Any CPU.ActiveCfg = Debug|Any CPU
		{505B76AC-B031-41B7-81BA-BB67117BE045}.Debug|Any CPU.Build.0 = Debug|Any CPU
		{505B76AC-B031-41B7-81BA-BB67117BE045}.Release|Any CPU.ActiveCfg = Release|Any CPU
		{505B76AC-B031-41B7-81BA-BB67117BE045}.Release|Any CPU.Build.0 = Release|Any CPU
		{E22019B2-B086-4C14-BFD6-D36EDE5EADBF}.Debug|Any CPU.ActiveCfg = Debug|Any CPU
		{E22019B2-B086-4C14-BFD6-D36EDE5EADBF}.Debug|Any CPU.Build.0 = Debug|Any CPU
		{E22019B2-B086-4C14-BFD6-D36EDE5EADBF}.Release|Any CPU.ActiveCfg = Release|Any CPU
		{E22019B2-B086-4C14-BFD6-D36EDE5EADBF}.Release|Any CPU.Build.0 = Release|Any CPU
		{8481CE31-CB48-4262-B331-6119A5785A2B}.Debug|Any CPU.ActiveCfg = Debug|Any CPU
		{8481CE31-CB48-4262-B331-6119A5785A2B}.Debug|Any CPU.Build.0 = Debug|Any CPU
		{8481CE31-CB48-4262-B331-6119A5785A2B}.Release|Any CPU.ActiveCfg = Release|Any CPU
		{8481CE31-CB48-4262-B331-6119A5785A2B}.Release|Any CPU.Build.0 = Release|Any CPU
		{9726AEE1-4878-4E2E-BB21-D59F60E4D58E}.Debug|Any CPU.ActiveCfg = Debug|Any CPU
		{9726AEE1-4878-4E2E-BB21-D59F60E4D58E}.Debug|Any CPU.Build.0 = Debug|Any CPU
		{9726AEE1-4878-4E2E-BB21-D59F60E4D58E}.Release|Any CPU.ActiveCfg = Release|Any CPU
		{9726AEE1-4878-4E2E-BB21-D59F60E4D58E}.Release|Any CPU.Build.0 = Release|Any CPU
		{F37E22DA-6DBE-40E5-9117-02BB3235F5EF}.Debug|Any CPU.ActiveCfg = Debug|Any CPU
		{F37E22DA-6DBE-40E5-9117-02BB3235F5EF}.Debug|Any CPU.Build.0 = Debug|Any CPU
		{F37E22DA-6DBE-40E5-9117-02BB3235F5EF}.Release|Any CPU.ActiveCfg = Release|Any CPU
		{F37E22DA-6DBE-40E5-9117-02BB3235F5EF}.Release|Any CPU.Build.0 = Release|Any CPU
		{8F77080E-18F1-40F9-B2BC-53F741497119}.Debug|Any CPU.ActiveCfg = Debug|Any CPU
		{8F77080E-18F1-40F9-B2BC-53F741497119}.Debug|Any CPU.Build.0 = Debug|Any CPU
		{8F77080E-18F1-40F9-B2BC-53F741497119}.Release|Any CPU.ActiveCfg = Release|Any CPU
		{8F77080E-18F1-40F9-B2BC-53F741497119}.Release|Any CPU.Build.0 = Release|Any CPU
		{7CE6F27E-E33B-44C0-82C6-1D287017AAA0}.Debug|Any CPU.ActiveCfg = Debug|Any CPU
		{7CE6F27E-E33B-44C0-82C6-1D287017AAA0}.Debug|Any CPU.Build.0 = Debug|Any CPU
		{7CE6F27E-E33B-44C0-82C6-1D287017AAA0}.Release|Any CPU.ActiveCfg = Release|Any CPU
		{7CE6F27E-E33B-44C0-82C6-1D287017AAA0}.Release|Any CPU.Build.0 = Release|Any CPU
		{35620C6F-ED38-4320-A5C9-89D2A2A03E51}.Debug|Any CPU.ActiveCfg = Debug|Any CPU
		{35620C6F-ED38-4320-A5C9-89D2A2A03E51}.Debug|Any CPU.Build.0 = Debug|Any CPU
		{35620C6F-ED38-4320-A5C9-89D2A2A03E51}.Release|Any CPU.ActiveCfg = Release|Any CPU
		{35620C6F-ED38-4320-A5C9-89D2A2A03E51}.Release|Any CPU.Build.0 = Release|Any CPU
	EndGlobalSection
	GlobalSection(SolutionProperties) = preSolution
		HideSolutionNode = FALSE
	EndGlobalSection
	GlobalSection(NestedProjects) = preSolution
		{5FF9B099-A411-4FBF-8F63-041C0AA7C777} = {DDAF511D-8869-4A63-8964-FDCE320A6FD7}
		{4BFFF671-067D-4F32-A040-C29A0D7B56DD} = {DDAF511D-8869-4A63-8964-FDCE320A6FD7}
		{0DD53602-DCDE-4EF3-88CB-5A95D2AA5A48} = {DDAF511D-8869-4A63-8964-FDCE320A6FD7}
		{505B76AC-B031-41B7-81BA-BB67117BE045} = {DDAF511D-8869-4A63-8964-FDCE320A6FD7}
		{481FB6D4-C9B6-4CB8-A521-8C51C69601E8} = {DDAF511D-8869-4A63-8964-FDCE320A6FD7}
		{E22019B2-B086-4C14-BFD6-D36EDE5EADBF} = {481FB6D4-C9B6-4CB8-A521-8C51C69601E8}
		{8481CE31-CB48-4262-B331-6119A5785A2B} = {481FB6D4-C9B6-4CB8-A521-8C51C69601E8}
		{9726AEE1-4878-4E2E-BB21-D59F60E4D58E} = {481FB6D4-C9B6-4CB8-A521-8C51C69601E8}
		{F37E22DA-6DBE-40E5-9117-02BB3235F5EF} = {481FB6D4-C9B6-4CB8-A521-8C51C69601E8}
		{8F77080E-18F1-40F9-B2BC-53F741497119} = {481FB6D4-C9B6-4CB8-A521-8C51C69601E8}
		{7CE6F27E-E33B-44C0-82C6-1D287017AAA0} = {481FB6D4-C9B6-4CB8-A521-8C51C69601E8}
		{35620C6F-ED38-4320-A5C9-89D2A2A03E51} = {9A40B108-0E19-470C-820F-F161B53B602D}
	EndGlobalSection
	GlobalSection(ExtensibilityGlobals) = postSolution
		SolutionGuid = {B18FDE87-3178-49C7-BB60-AC9E46BAB68B}
	EndGlobalSection
EndGlobal
